
Microsoft Visual Studio Solution File, Format Version 12.00
# Visual Studio 15
VisualStudioVersion = 15.0.28307.1000
MinimumVisualStudioVersion = 10.0.40219.1
Project("{FAE04EC0-301F-11D3-BF4B-00C04F79EFBC}") = "PersonalSite", "PersonalSite\PersonalSite.csproj", "{0B58F30B-CF23-47B0-BB22-7581DB7A19AA}"
EndProject
Global
	GlobalSection(SolutionConfigurationPlatforms) = preSolution
		Debug|Any CPU = Debug|Any CPU
		Release|Any CPU = Release|Any CPU
	EndGlobalSection
	GlobalSection(ProjectConfigurationPlatforms) = postSolution
		{0B58F30B-CF23-47B0-BB22-7581DB7A19AA}.Debug|Any CPU.ActiveCfg = Debug|Any CPU
		{0B58F30B-CF23-47B0-BB22-7581DB7A19AA}.Debug|Any CPU.Build.0 = Debug|Any CPU
		{0B58F30B-CF23-47B0-BB22-7581DB7A19AA}.Release|Any CPU.ActiveCfg = Release|Any CPU
		{0B58F30B-CF23-47B0-BB22-7581DB7A19AA}.Release|Any CPU.Build.0 = Release|Any CPU
	EndGlobalSection
	GlobalSection(SolutionProperties) = preSolution
		HideSolutionNode = FALSE
	EndGlobalSection
	GlobalSection(ExtensibilityGlobals) = postSolution
		SolutionGuid = {B8540764-1CB2-4460-A1D2-068232B5E6ED}
	EndGlobalSection
EndGlobal
